<?xml version="1.0" encoding="utf-8"?>
<Project ToolsVersion="4.0" xmlns="http://schemas.microsoft.com/developer/msbuild/2003">
  <ItemGroup>
    <Filter Include="Source Files">
      <UniqueIdentifier>{4FC737F1-C7A5-4376-A066-2A32D752A2FF}</UniqueIdentifier>
      <Extensions>cpp;c;cc;cxx;c++;cppm;ixx;def;odl;idl;hpj;bat;asm;asmx</Extensions>
    </Filter>
    <Filter Include="Header Files">
      <UniqueIdentifier>{93995380-89BD-4b04-88EB-625FBE52EBFB}</UniqueIdentifier>
      <Extensions>h;hh;hpp;hxx;h++;hm;inl;inc;ipp;xsd</Extensions>
    </Filter>
    <Filter Include="Resource Files">
      <UniqueIdentifier>{67DA6AB6-F800-4c08-8B7A-83BB121AAD01}</UniqueIdentifier>
      <Extensions>rc;ico;cur;bmp;dlg;rc2;rct;bin;rgs;gif;jpg;jpeg;jpe;resx;tiff;tif;png;wav;mfcribbon-ms</Extensions>
    </Filter>
    <Filter Include="Source Files\Übung 8">
      <UniqueIdentifier>{5e1e7098-38a2-43b8-8353-b6946dd0f893}</UniqueIdentifier>
    </Filter>
    <Filter Include="Source Files\Übung 2">
      <UniqueIdentifier>{07f2d72b-6730-4e32-9047-064abc920384}</UniqueIdentifier>
    </Filter>
    <Filter Include="Source Files\Übung 1">
      <UniqueIdentifier>{7c2bdc66-bbfc-47d6-a71f-ddb506ef1e3c}</UniqueIdentifier>
    </Filter>
    <Filter Include="Source Files\Übung 3">
      <UniqueIdentifier>{d91f5ccb-d8bf-47e3-891c-bdcca633558c}</UniqueIdentifier>
    </Filter>
    <Filter Include="Source Files\Übung 4">
      <UniqueIdentifier>{b58f12c8-4cc6-4e5b-8968-cf803d8cc067}</UniqueIdentifier>
    </Filter>
    <Filter Include="Source Files\Übung 5">
      <UniqueIdentifier>{c4e9691e-8415-4650-b1de-691cc8541f72}</UniqueIdentifier>
    </Filter>
    <Filter Include="Source Files\Übung 6">
      <UniqueIdentifier>{15646b58-3620-4f16-8f3c-ba4d08264ab6}</UniqueIdentifier>
    </Filter>
    <Filter Include="Source Files\Übung 7">
      <UniqueIdentifier>{febf0add-00c0-4fa5-b311-b48c73c42a58}</UniqueIdentifier>
    </Filter>
  </ItemGroup>
  <ItemGroup>
    <ClCompile Include="Übung A%28ASCII Dreieck%29.c">
      <Filter>Source Files\Übung 8</Filter>
    </ClCompile>
    <ClCompile Include="Übung B%28MaxundMinVonArray%29.c">
      <Filter>Source Files\Übung 8</Filter>
    </ClCompile>
    <ClCompile Include="Übung C %28FirstLast8%29.c">
      <Filter>Source Files\Übung 8</Filter>
    </ClCompile>
    <ClCompile Include="Übung D(CountUngeradeZahlen).c">
      <Filter>Source Files\Übung 8</Filter>
    </ClCompile>
    <ClCompile Include="Übung E (Unlucky 13).c">
      <Filter>Source Files\Übung 8</Filter>
    </ClCompile>
    <ClCompile Include="Übung F (index von kleinste und zweitkleinste zahl).c">
      <Filter>Source Files\Übung 8</Filter>
    </ClCompile>
    <ClCompile Include="Übung G (reverse an array).c">
      <Filter>Source Files\Übung 8</Filter>
    </ClCompile>
    <ClCompile Include="Übung H%28swap2Arrays%29.c">
      <Filter>Source Files\Übung 8</Filter>
    </ClCompile>
    <ClCompile Include="Übung I(Tic Tac Toe).c">
      <Filter>Source Files\Übung 8</Filter>
    </ClCompile>
    <ClCompile Include="Übung B (Hello World).c">
      <Filter>Source Files\Übung 1</Filter>
    </ClCompile>
  </ItemGroup>
  <ItemGroup>
    <None Include="Uebung8.pdf">
      <Filter>Source Files\Übung 8</Filter>
    </None>
    <None Include="Woche 8 Folien(6_Felder_Strings).pdf">
      <Filter>Source Files\Übung 8</Filter>
    </None>
    <None Include="Uebung1.pdf">
      <Filter>Source Files\Übung 1</Filter>
    </None>
    <None Include="Woche 1 Folien Einfuehrung.pdf">
      <Filter>Source Files\Übung 1</Filter>
    </None>
  </ItemGroup>
</Project>